// !$*UTF8*$!
{
	archiveVersion = 1;
	classes = {
	};
	objectVersion = 48;
	objects = {

/* Begin PBXBuildFile section */
		3139F20E1F91DBB900785045 /* main.swift in Sources */ = {isa = PBXBuildFile; fileRef = 3139F20D1F91DBB900785045 /* main.swift */; };
		3139F2151F91DC1A00785045 /* hoge.swift in Sources */ = {isa = PBXBuildFile; fileRef = 3139F2141F91DC1A00785045 /* hoge.swift */; };
		3139F2181F91E11600785045 /* User.swift in Sources */ = {isa = PBXBuildFile; fileRef = 3139F2171F91E11600785045 /* User.swift */; };
		3139F21A1F91E14000785045 /* Repository.swift in Sources */ = {isa = PBXBuildFile; fileRef = 3139F2191F91E14000785045 /* Repository.swift */; };
		3139F21C1F91F65900785045 /* JSONDecodeError.swift in Sources */ = {isa = PBXBuildFile; fileRef = 3139F21B1F91F65900785045 /* JSONDecodeError.swift */; };
		3139F21E1F91FD0100785045 /* JSONDecodable.swift in Sources */ = {isa = PBXBuildFile; fileRef = 3139F21D1F91FD0100785045 /* JSONDecodable.swift */; };
		3139F2201F92013800785045 /* SearchResponse.swift in Sources */ = {isa = PBXBuildFile; fileRef = 3139F21F1F92013800785045 /* SearchResponse.swift */; };
		3139F2221F921D1500785045 /* GithubClientError.swift in Sources */ = {isa = PBXBuildFile; fileRef = 3139F2211F921D1500785045 /* GithubClientError.swift */; };
		3139F2241F921FB500785045 /* GithubAPIError.swift in Sources */ = {isa = PBXBuildFile; fileRef = 3139F2231F921FB500785045 /* GithubAPIError.swift */; };
		3139F2271F92278600785045 /* GithubRequest.swift in Sources */ = {isa = PBXBuildFile; fileRef = 3139F2261F92278600785045 /* GithubRequest.swift */; };
		3139F2291F92298000785045 /* HTTPMethod.swift in Sources */ = {isa = PBXBuildFile; fileRef = 3139F2281F92298000785045 /* HTTPMethod.swift */; };
		3139F22B1F922F0200785045 /* GithubAPI.swift in Sources */ = {isa = PBXBuildFile; fileRef = 3139F22A1F922F0200785045 /* GithubAPI.swift */; };
		3139F22E1F92498000785045 /* GithubClient.swift in Sources */ = {isa = PBXBuildFile; fileRef = 3139F22D1F92498000785045 /* GithubClient.swift */; };
		3139F2301F924B7100785045 /* Result.swift in Sources */ = {isa = PBXBuildFile; fileRef = 3139F22F1F924B7100785045 /* Result.swift */; };
/* End PBXBuildFile section */

/* Begin PBXCopyFilesBuildPhase section */
		3139F2081F91DBB900785045 /* CopyFiles */ = {
			isa = PBXCopyFilesBuildPhase;
			buildActionMask = 2147483647;
			dstPath = /usr/share/man/man1/;
			dstSubfolderSpec = 0;
			files = (
			);
			runOnlyForDeploymentPostprocessing = 1;
		};
/* End PBXCopyFilesBuildPhase section */

/* Begin PBXFileReference section */
		3139F20A1F91DBB900785045 /* GitHubSearchRepository */ = {isa = PBXFileReference; explicitFileType = "compiled.mach-o.executable"; includeInIndex = 0; path = GitHubSearchRepository; sourceTree = BUILT_PRODUCTS_DIR; };
		3139F20D1F91DBB900785045 /* main.swift */ = {isa = PBXFileReference; lastKnownFileType = sourcecode.swift; path = main.swift; sourceTree = "<group>"; };
		3139F2141F91DC1A00785045 /* hoge.swift */ = {isa = PBXFileReference; lastKnownFileType = sourcecode.swift; path = hoge.swift; sourceTree = "<group>"; };
		3139F2171F91E11600785045 /* User.swift */ = {isa = PBXFileReference; lastKnownFileType = sourcecode.swift; path = User.swift; sourceTree = "<group>"; };
		3139F2191F91E14000785045 /* Repository.swift */ = {isa = PBXFileReference; lastKnownFileType = sourcecode.swift; path = Repository.swift; sourceTree = "<group>"; };
		3139F21B1F91F65900785045 /* JSONDecodeError.swift */ = {isa = PBXFileReference; lastKnownFileType = sourcecode.swift; path = JSONDecodeError.swift; sourceTree = "<group>"; };
		3139F21D1F91FD0100785045 /* JSONDecodable.swift */ = {isa = PBXFileReference; lastKnownFileType = sourcecode.swift; path = JSONDecodable.swift; sourceTree = "<group>"; };
		3139F21F1F92013800785045 /* SearchResponse.swift */ = {isa = PBXFileReference; lastKnownFileType = sourcecode.swift; path = SearchResponse.swift; sourceTree = "<group>"; };
		3139F2211F921D1500785045 /* GithubClientError.swift */ = {isa = PBXFileReference; lastKnownFileType = sourcecode.swift; path = GithubClientError.swift; sourceTree = "<group>"; };
		3139F2231F921FB500785045 /* GithubAPIError.swift */ = {isa = PBXFileReference; lastKnownFileType = sourcecode.swift; path = GithubAPIError.swift; sourceTree = "<group>"; };
		3139F2261F92278600785045 /* GithubRequest.swift */ = {isa = PBXFileReference; lastKnownFileType = sourcecode.swift; path = GithubRequest.swift; sourceTree = "<group>"; };
		3139F2281F92298000785045 /* HTTPMethod.swift */ = {isa = PBXFileReference; lastKnownFileType = sourcecode.swift; path = HTTPMethod.swift; sourceTree = "<group>"; };
		3139F22A1F922F0200785045 /* GithubAPI.swift */ = {isa = PBXFileReference; lastKnownFileType = sourcecode.swift; path = GithubAPI.swift; sourceTree = "<group>"; };
		3139F22D1F92498000785045 /* GithubClient.swift */ = {isa = PBXFileReference; lastKnownFileType = sourcecode.swift; path = GithubClient.swift; sourceTree = "<group>"; };
		3139F22F1F924B7100785045 /* Result.swift */ = {isa = PBXFileReference; lastKnownFileType = sourcecode.swift; path = Result.swift; sourceTree = "<group>"; };
/* End PBXFileReference section */

/* Begin PBXFrameworksBuildPhase section */
		3139F2071F91DBB900785045 /* Frameworks */ = {
			isa = PBXFrameworksBuildPhase;
			buildActionMask = 2147483647;
			files = (
			);
			runOnlyForDeploymentPostprocessing = 0;
		};
/* End PBXFrameworksBuildPhase section */

/* Begin PBXGroup section */
		3139F2011F91DBB900785045 = {
			isa = PBXGroup;
			children = (
				3139F20C1F91DBB900785045 /* GitHubSearchRepository */,
				3139F20B1F91DBB900785045 /* Products */,
			);
			sourceTree = "<group>";
		};
		3139F20B1F91DBB900785045 /* Products */ = {
			isa = PBXGroup;
			children = (
				3139F20A1F91DBB900785045 /* GitHubSearchRepository */,
			);
			name = Products;
			sourceTree = "<group>";
		};
		3139F20C1F91DBB900785045 /* GitHubSearchRepository */ = {
			isa = PBXGroup;
			children = (
				3139F22C1F92496500785045 /* Client */,
				3139F2251F9226AE00785045 /* Requeset */,
				3139F2161F91E0E800785045 /* Response */,
				3139F20D1F91DBB900785045 /* main.swift */,
				3139F2141F91DC1A00785045 /* hoge.swift */,
			);
			path = GitHubSearchRepository;
			sourceTree = "<group>";
		};
		3139F2161F91E0E800785045 /* Response */ = {
			isa = PBXGroup;
			children = (
				3139F2171F91E11600785045 /* User.swift */,
				3139F21D1F91FD0100785045 /* JSONDecodable.swift */,
				3139F2191F91E14000785045 /* Repository.swift */,
				3139F21B1F91F65900785045 /* JSONDecodeError.swift */,
				3139F21F1F92013800785045 /* SearchResponse.swift */,
				3139F2211F921D1500785045 /* GithubClientError.swift */,
				3139F2231F921FB500785045 /* GithubAPIError.swift */,
			);
			path = Response;
			sourceTree = "<group>";
		};
		3139F2251F9226AE00785045 /* Requeset */ = {
			isa = PBXGroup;
			children = (
				3139F2261F92278600785045 /* GithubRequest.swift */,
				3139F2281F92298000785045 /* HTTPMethod.swift */,
				3139F22A1F922F0200785045 /* GithubAPI.swift */,
			);
			path = Requeset;
			sourceTree = "<group>";
		};
		3139F22C1F92496500785045 /* Client */ = {
			isa = PBXGroup;
			children = (
				3139F22D1F92498000785045 /* GithubClient.swift */,
				3139F22F1F924B7100785045 /* Result.swift */,
			);
			path = Client;
			sourceTree = "<group>";
		};
/* End PBXGroup section */

/* Begin PBXNativeTarget section */
		3139F2091F91DBB900785045 /* GitHubSearchRepository */ = {
			isa = PBXNativeTarget;
			buildConfigurationList = 3139F2111F91DBB900785045 /* Build configuration list for PBXNativeTarget "GitHubSearchRepository" */;
			buildPhases = (
				3139F2061F91DBB900785045 /* Sources */,
				3139F2071F91DBB900785045 /* Frameworks */,
				3139F2081F91DBB900785045 /* CopyFiles */,
			);
			buildRules = (
			);
			dependencies = (
			);
			name = GitHubSearchRepository;
			productName = GitHubSearchRepository;
			productReference = 3139F20A1F91DBB900785045 /* GitHubSearchRepository */;
			productType = "com.apple.product-type.tool";
		};
/* End PBXNativeTarget section */

/* Begin PBXProject section */
		3139F2021F91DBB900785045 /* Project object */ = {
			isa = PBXProject;
			attributes = {
				LastSwiftUpdateCheck = 0900;
				LastUpgradeCheck = 0900;
				ORGANIZATIONNAME = TakuYamada;
				TargetAttributes = {
					3139F2091F91DBB900785045 = {
						CreatedOnToolsVersion = 9.0;
						ProvisioningStyle = Automatic;
					};
				};
			};
			buildConfigurationList = 3139F2051F91DBB900785045 /* Build configuration list for PBXProject "GitHubSearchRepository" */;
			compatibilityVersion = "Xcode 8.0";
			developmentRegion = en;
			hasScannedForEncodings = 0;
			knownRegions = (
				en,
			);
			mainGroup = 3139F2011F91DBB900785045;
			productRefGroup = 3139F20B1F91DBB900785045 /* Products */;
			projectDirPath = "";
			projectRoot = "";
			targets = (
				3139F2091F91DBB900785045 /* GitHubSearchRepository */,
			);
		};
/* End PBXProject section */

/* Begin PBXSourcesBuildPhase section */
		3139F2061F91DBB900785045 /* Sources */ = {
			isa = PBXSourcesBuildPhase;
			buildActionMask = 2147483647;
			files = (
				3139F2201F92013800785045 /* SearchResponse.swift in Sources */,
				3139F2151F91DC1A00785045 /* hoge.swift in Sources */,
				3139F2241F921FB500785045 /* GithubAPIError.swift in Sources */,
				3139F2291F92298000785045 /* HTTPMethod.swift in Sources */,
				3139F2301F924B7100785045 /* Result.swift in Sources */,
				3139F20E1F91DBB900785045 /* main.swift in Sources */,
				3139F2271F92278600785045 /* GithubRequest.swift in Sources */,
				3139F2181F91E11600785045 /* User.swift in Sources */,
				3139F22B1F922F0200785045 /* GithubAPI.swift in Sources */,
				3139F21E1F91FD0100785045 /* JSONDecodable.swift in Sources */,
				3139F21A1F91E14000785045 /* Repository.swift in Sources */,
				3139F2221F921D1500785045 /* GithubClientError.swift in Sources */,
				3139F21C1F91F65900785045 /* JSONDecodeError.swift in Sources */,
				3139F22E1F92498000785045 /* GithubClient.swift in Sources */,
			);
			runOnlyForDeploymentPostprocessing = 0;
		};
/* End PBXSourcesBuildPhase section */

/* Begin XCBuildConfiguration section */
		3139F20F1F91DBB900785045 /* Debug */ = {
			isa = XCBuildConfiguration;
			buildSettings = {
				ALWAYS_SEARCH_USER_PATHS = NO;
				CLANG_ANALYZER_NONNULL = YES;
				CLANG_ANALYZER_NUMBER_OBJECT_CONVERSION = YES_AGGRESSIVE;
				CLANG_CXX_LANGUAGE_STANDARD = "gnu++14";
				CLANG_CXX_LIBRARY = "libc++";
				CLANG_ENABLE_MODULES = YES;
				CLANG_ENABLE_OBJC_ARC = YES;
				CLANG_WARN_BLOCK_CAPTURE_AUTORELEASING = YES;
				CLANG_WARN_BOOL_CONVERSION = YES;
				CLANG_WARN_COMMA = YES;
				CLANG_WARN_CONSTANT_CONVERSION = YES;
				CLANG_WARN_DIRECT_OBJC_ISA_USAGE = YES_ERROR;
				CLANG_WARN_DOCUMENTATION_COMMENTS = YES;
				CLANG_WARN_EMPTY_BODY = YES;
				CLANG_WARN_ENUM_CONVERSION = YES;
				CLANG_WARN_INFINITE_RECURSION = YES;
				CLANG_WARN_INT_CONVERSION = YES;
				CLANG_WARN_NON_LITERAL_NULL_CONVERSION = YES;
				CLANG_WARN_OBJC_LITERAL_CONVERSION = YES;
				CLANG_WARN_OBJC_ROOT_CLASS = YES_ERROR;
				CLANG_WARN_RANGE_LOOP_ANALYSIS = YES;
				CLANG_WARN_STRICT_PROTOTYPES = YES;
				CLANG_WARN_SUSPICIOUS_MOVE = YES;
				CLANG_WARN_UNGUARDED_AVAILABILITY = YES_AGGRESSIVE;
				CLANG_WARN_UNREACHABLE_CODE = YES;
				CLANG_WARN__DUPLICATE_METHOD_MATCH = YES;
				CODE_SIGN_IDENTITY = "Mac Developer";
				COPY_PHASE_STRIP = NO;
				DEBUG_INFORMATION_FORMAT = dwarf;
				ENABLE_STRICT_OBJC_MSGSEND = YES;
				ENABLE_TESTABILITY = YES;
				GCC_C_LANGUAGE_STANDARD = gnu11;
				GCC_DYNAMIC_NO_PIC = NO;
				GCC_NO_COMMON_BLOCKS = YES;
				GCC_OPTIMIZATION_LEVEL = 0;
				GCC_PREPROCESSOR_DEFINITIONS = (
					"DEBUG=1",
					"$(inherited)",
				);
				GCC_WARN_64_TO_32_BIT_CONVERSION = YES;
				GCC_WARN_ABOUT_RETURN_TYPE = YES_ERROR;
				GCC_WARN_UNDECLARED_SELECTOR = YES;
				GCC_WARN_UNINITIALIZED_AUTOS = YES_AGGRESSIVE;
				GCC_WARN_UNUSED_FUNCTION = YES;
				GCC_WARN_UNUSED_VARIABLE = YES;
				MACOSX_DEPLOYMENT_TARGET = 10.12;
				MTL_ENABLE_DEBUG_INFO = YES;
				ONLY_ACTIVE_ARCH = YES;
				SDKROOT = macosx;
				SWIFT_ACTIVE_COMPILATION_CONDITIONS = DEBUG;
				SWIFT_OPTIMIZATION_LEVEL = "-Onone";
			};
			name = Debug;
		};
		3139F2101F91DBB900785045 /* Release */ = {
			isa = XCBuildConfiguration;
			buildSettings = {
				ALWAYS_SEARCH_USER_PATHS = NO;
				CLANG_ANALYZER_NONNULL = YES;
				CLANG_ANALYZER_NUMBER_OBJECT_CONVERSION = YES_AGGRESSIVE;
				CLANG_CXX_LANGUAGE_STANDARD = "gnu++14";
				CLANG_CXX_LIBRARY = "libc++";
				CLANG_ENABLE_MODULES = YES;
				CLANG_ENABLE_OBJC_ARC = YES;
				CLANG_WARN_BLOCK_CAPTURE_AUTORELEASING = YES;
				CLANG_WARN_BOOL_CONVERSION = YES;
				CLANG_WARN_COMMA = YES;
				CLANG_WARN_CONSTANT_CONVERSION = YES;
				CLANG_WARN_DIRECT_OBJC_ISA_USAGE = YES_ERROR;
				CLANG_WARN_DOCUMENTATION_COMMENTS = YES;
				CLANG_WARN_EMPTY_BODY = YES;
				CLANG_WARN_ENUM_CONVERSION = YES;
				CLANG_WARN_INFINITE_RECURSION = YES;
				CLANG_WARN_INT_CONVERSION = YES;
				CLANG_WARN_NON_LITERAL_NULL_CONVERSION = YES;
				CLANG_WARN_OBJC_LITERAL_CONVERSION = YES;
				CLANG_WARN_OBJC_ROOT_CLASS = YES_ERROR;
				CLANG_WARN_RANGE_LOOP_ANALYSIS = YES;
				CLANG_WARN_STRICT_PROTOTYPES = YES;
				CLANG_WARN_SUSPICIOUS_MOVE = YES;
				CLANG_WARN_UNGUARDED_AVAILABILITY = YES_AGGRESSIVE;
				CLANG_WARN_UNREACHABLE_CODE = YES;
				CLANG_WARN__DUPLICATE_METHOD_MATCH = YES;
				CODE_SIGN_IDENTITY = "Mac Developer";
				COPY_PHASE_STRIP = NO;
				DEBUG_INFORMATION_FORMAT = "dwarf-with-dsym";
				ENABLE_NS_ASSERTIONS = NO;
				ENABLE_STRICT_OBJC_MSGSEND = YES;
				GCC_C_LANGUAGE_STANDARD = gnu11;
				GCC_NO_COMMON_BLOCKS = YES;
				GCC_WARN_64_TO_32_BIT_CONVERSION = YES;
				GCC_WARN_ABOUT_RETURN_TYPE = YES_ERROR;
				GCC_WARN_UNDECLARED_SELECTOR = YES;
				GCC_WARN_UNINITIALIZED_AUTOS = YES_AGGRESSIVE;
				GCC_WARN_UNUSED_FUNCTION = YES;
				GCC_WARN_UNUSED_VARIABLE = YES;
				MACOSX_DEPLOYMENT_TARGET = 10.12;
				MTL_ENABLE_DEBUG_INFO = NO;
				SDKROOT = macosx;
				SWIFT_OPTIMIZATION_LEVEL = "-Owholemodule";
			};
			name = Release;
		};
		3139F2121F91DBB900785045 /* Debug */ = {
			isa = XCBuildConfiguration;
			buildSettings = {
				CODE_SIGN_STYLE = Automatic;
				DEVELOPMENT_TEAM = 8JEHPP3L74;
				PRODUCT_NAME = "$(TARGET_NAME)";
				SWIFT_VERSION = 4.0;
			};
			name = Debug;
		};
		3139F2131F91DBB900785045 /* Release */ = {
			isa = XCBuildConfiguration;
			buildSettings = {
				CODE_SIGN_STYLE = Automatic;
				DEVELOPMENT_TEAM = 8JEHPP3L74;
				PRODUCT_NAME = "$(TARGET_NAME)";
				SWIFT_VERSION = 4.0;
			};
			name = Release;
		};
/* End XCBuildConfiguration section */

/* Begin XCConfigurationList section */
		3139F2051F91DBB900785045 /* Build configuration list for PBXProject "GitHubSearchRepository" */ = {
			isa = XCConfigurationList;
			buildConfigurations = (
				3139F20F1F91DBB900785045 /* Debug */,
				3139F2101F91DBB900785045 /* Release */,
			);
			defaultConfigurationIsVisible = 0;
			defaultConfigurationName = Release;
		};
		3139F2111F91DBB900785045 /* Build configuration list for PBXNativeTarget "GitHubSearchRepository" */ = {
			isa = XCConfigurationList;
			buildConfigurations = (
				3139F2121F91DBB900785045 /* Debug */,
				3139F2131F91DBB900785045 /* Release */,
			);
			defaultConfigurationIsVisible = 0;
			defaultConfigurationName = Release;
		};
/* End XCConfigurationList section */
	};
	rootObject = 3139F2021F91DBB900785045 /* Project object */;
}
